{
    "_readme": [
        "This file locks the dependencies of your project to a known state",
        "Read more about it at https://getcomposer.org/doc/01-basic-usage.md#installing-dependencies",
        "This file is @generated automatically"
    ],
    "content-hash": "b7ffc348552df9c367189d7396158736",
    "packages": [
        {
            "name": "jazzman/wp-memcached",
            "version": "0.1",
            "source": {
                "type": "git",
                "url": "https://github.com/Jazz-Man/wp-memcached.git",
                "reference": "e3ac0a493e8be321412be4c4eddcaccf9afe9840"
            },
            "dist": {
                "type": "zip",
                "url": "https://api.github.com/repos/Jazz-Man/wp-memcached/zipball/e3ac0a493e8be321412be4c4eddcaccf9afe9840",
                "reference": "e3ac0a493e8be321412be4c4eddcaccf9afe9840",
                "shasum": ""
            },
            "require": {
                "ext-memcached": "*",
                "php": ">=7.0"
            },
            "require-dev": {
                "dg/composer-cleaner": "^2.0",
                "roave/security-advisories": "dev-master",
                "roots/wordpress": "^4",
                "symfony/var-dumper": "^4.2"
            },
            "type": "library",
            "extra": {
                "installer-paths": {
                    "vendor/wp/mu-plugins/{$name}/": [
                        "type:wordpress-muplugin"
                    ],
                    "vendor/wp/plugins/{$name}/": [
                        "type:wordpress-plugin"
                    ],
                    "vendor/wp/themes/{$name}/": [
                        "type:wordpress-theme"
                    ]
                },
                "wordpress-install-dir": "vendor/wp"
            },
            "autoload": {
                "psr-4": {
                    "JazzMan\\WPMemcached\\": ""
                }
            },
            "notification-url": "https://packagist.org/downloads/",
            "license": [
                "GPL-3.0+"
            ],
            "authors": [
                {
                    "name": "Vasyl Sokolyk",
                    "email": "vsokolyk@gmail.com"
                }
            ],
            "time": "2019-03-12T13:22:40+00:00"
        }
    ],
    "packages-dev": [
        {
            "name": "roots/wordpress",
            "version": "4.9.9",
            "source": {
                "type": "git",
                "url": "https://github.com/WordPress/WordPress.git",
                "reference": "4.9.9"
            },
            "dist": {
                "type": "zip",
                "url": "https://api.github.com/repos/WordPress/WordPress/zipball/4.9.9",
                "reference": "4.9.9"
            },
            "require": {
                "php": ">=5.3.2",
                "roots/wordpress-core-installer": ">=1.0.0"
            },
            "type": "wordpress-core",
            "notification-url": "https://packagist.org/downloads/",
            "license": [
                "GPL-2.0-or-later"
            ],
            "authors": [
                {
                    "name": "WordPress Community",
                    "homepage": "http://wordpress.org/about/"
                }
            ],
            "description": "WordPress is web software you can use to create a beautiful website or blog.",
            "homepage": "http://wordpress.org/",
            "keywords": [
                "blog",
                "cms",
                "wordpress"
            ],
            "time": "2018-12-13T04:12:34+00:00"
        },
        {
            "name": "roots/wordpress-core-installer",
            "version": "1.1.0",
            "source": {
                "type": "git",
                "url": "https://github.com/roots/wordpress-core-installer.git",
                "reference": "83744b1ba5bbdb5bb225f47e24da61a6cf6c5b80"
            },
            "dist": {
                "type": "zip",
                "url": "https://api.github.com/repos/roots/wordpress-core-installer/zipball/83744b1ba5bbdb5bb225f47e24da61a6cf6c5b80",
                "reference": "83744b1ba5bbdb5bb225f47e24da61a6cf6c5b80",
                "shasum": ""
            },
            "require": {
                "composer-plugin-api": "^1.0"
            },
            "conflict": {
                "composer/installers": "<1.0.6"
            },
            "replace": {
                "johnpbloch/wordpress-core-installer": "*"
            },
            "require-dev": {
                "composer/composer": "^1.0",
                "phpunit/phpunit": ">=4.8.35"
            },
            "type": "composer-plugin",
            "extra": {
                "class": "Roots\\Composer\\WordPressCorePlugin"
            },
            "autoload": {
                "psr-4": {
                    "Roots\\Composer\\": "src/"
                }
            },
            "notification-url": "https://packagist.org/downloads/",
            "license": [
                "GPL-2.0-or-later"
            ],
            "authors": [
                {
                    "name": "John P. Bloch",
                    "email": "me@johnpbloch.com"
                },
                {
                    "name": "Roots",
                    "email": "team@roots.io"
                }
            ],
            "description": "A custom installer to handle deploying WordPress with composer",
            "keywords": [
                "wordpress"
            ],
            "time": "2018-12-10T00:22:15+00:00"
        }
    ],
    "aliases": [],
    "minimum-stability": "stable",
    "stability-flags": [],
    "prefer-stable": false,
    "prefer-lowest": false,
    "platform": {
        "php": ">=7.0"
    },
    "platform-dev": []
}
